
Microsoft Visual Studio Solution File, Format Version 12.00
# Visual Studio 14
VisualStudioVersion = 14.0.23107.0
MinimumVisualStudioVersion = 10.0.40219.1
Project("{E24C65DC-7377-472B-9ABA-BC803B73C61A}") = "Ticker_Main", ".", "{F613DED6-7C4E-4AC3-8F83-17A0189FA1AA}"
	ProjectSection(WebsiteProperties) = preProject
		TargetFrameworkMoniker = ".NETFramework,Version%3Dv4.5.2"
		Debug.AspNetCompiler.VirtualPath = "/localhost_52795"
		Debug.AspNetCompiler.PhysicalPath = "..\Ticker_Main\"
		Debug.AspNetCompiler.TargetPath = "PrecompiledWeb\localhost_52795\"
		Debug.AspNetCompiler.Updateable = "true"
		Debug.AspNetCompiler.ForceOverwrite = "true"
		Debug.AspNetCompiler.FixedNames = "false"
		Debug.AspNetCompiler.Debug = "True"
		Release.AspNetCompiler.VirtualPath = "/localhost_52795"
		Release.AspNetCompiler.PhysicalPath = "..\Ticker_Main\"
		Release.AspNetCompiler.TargetPath = "PrecompiledWeb\localhost_52795\"
		Release.AspNetCompiler.Updateable = "true"
		Release.AspNetCompiler.ForceOverwrite = "true"
		Release.AspNetCompiler.FixedNames = "false"
		Release.AspNetCompiler.Debug = "False"
		VWDPort = "52795"
		SlnRelativePath = "..\Ticker_Main\"
		DefaultWebSiteLanguage = "Visual C#"
	EndProjectSection
EndProject
Global
	GlobalSection(SolutionConfigurationPlatforms) = preSolution
		Debug|Any CPU = Debug|Any CPU
	EndGlobalSection
	GlobalSection(ProjectConfigurationPlatforms) = postSolution
		{F613DED6-7C4E-4AC3-8F83-17A0189FA1AA}.Debug|Any CPU.ActiveCfg = Debug|Any CPU
		{F613DED6-7C4E-4AC3-8F83-17A0189FA1AA}.Debug|Any CPU.Build.0 = Debug|Any CPU
	EndGlobalSection
	GlobalSection(SolutionProperties) = preSolution
		HideSolutionNode = FALSE
	EndGlobalSection
EndGlobal
